github.com/davecgh/go-spew v1.1.1 h1:vj9j/u1bqnvCEfJOwUhtlOARqs3+rkHYY13jYWTU97c=
github.com/davecgh/go-spew v1.1.1/go.mod h1:J7Y8YcW2NihsgmVo/mv3lAwl/skON4iLHjSsI+c5H38=
github.com/mattn/go-runewidth v0.0.3 h1:a+kO+98RDGEfo6asOGMmpodZq4FNtnGP54yps8BzLR4=
github.com/mattn/go-runewidth v0.0.3/go.mod h1:LwmH8dsx7+W8Uxz3IHJYH5QSwggIsqBzpuz5H//U1FU=
github.com/peterh/liner v1.2.1 h1:O4BlKaq/LWu6VRWmol4ByWfzx6MfXc5Op5HETyIy5yg=
github.com/peterh/liner v1.2.1/go.mod h1:CRroGNssyjTd/qIG2FyxByd2S8JEAZXBl4qUrZf8GS0=
github.com/roseduan/mmap-go v1.0.0 h1:tAJCmzNX3fCA2Py4tburp6LybW90ZnYyMbziiltw8Ww=
github.com/roseduan/mmap-go v1.0.0/go.mod h1:SwtjKEtWixvWFMk+VGzVQc3d/AUbp37imbhUN3sT0aQ=
golang.org/x/sys v0.0.0-20201223074533-0d417f636930 h1:vRgIt+nup/B/BwIS0g2oC0haq0iqbV3ZA+u6+0TlNCo=
golang.org/x/sys v0.0.0-20201223074533-0d417f636930/go.mod h1:h1NjWce9XRLGQEsW7wpKNCjG9DtNlClVuFLEZdDNbEs=
golang.org/x/sys v0.0.0-20210415045647-66c3f260301c h1:6L+uOeS3OQt/f4eFHXZcTxeZrGCuz+CLElgEBjbcTA4=
golang.org/x/sys v0.0.0-20210415045647-66c3f260301c/go.mod h1:h1NjWce9XRLGQEsW7wpKNCjG9DtNlClVuFLEZdDNbEs=
